
Microsoft Visual Studio Solution File, Format Version 12.00
# Visual Studio Version 17
VisualStudioVersion = 17.14.36212.18 d17.14
MinimumVisualStudioVersion = 10.0.40219.1
Project("{2150E333-8FDC-42A3-9474-1A3956D46DE8}") = "App", "App", "{02EA681E-C7D8-13C7-8484-4AC65E1B71E8}"
EndProject
Project("{FAE04EC0-301F-11D3-BF4B-00C04F79EFBC}") = "Presentation", "Presentation\Presentation.csproj", "{CE9FEFEB-57D0-4458-80B9-7C29C5A0BE99}"
EndProject
Global
	GlobalSection(SolutionConfigurationPlatforms) = preSolution
		Debug|Any CPU = Debug|Any CPU
		Release|Any CPU = Release|Any CPU
	EndGlobalSection
	GlobalSection(ProjectConfigurationPlatforms) = postSolution
		{CE9FEFEB-57D0-4458-80B9-7C29C5A0BE99}.Debug|Any CPU.ActiveCfg = Debug|Any CPU
		{CE9FEFEB-57D0-4458-80B9-7C29C5A0BE99}.Debug|Any CPU.Build.0 = Debug|Any CPU
		{CE9FEFEB-57D0-4458-80B9-7C29C5A0BE99}.Release|Any CPU.ActiveCfg = Release|Any CPU
		{CE9FEFEB-57D0-4458-80B9-7C29C5A0BE99}.Release|Any CPU.Build.0 = Release|Any CPU
	EndGlobalSection
	GlobalSection(SolutionProperties) = preSolution
		HideSolutionNode = FALSE
	EndGlobalSection
	GlobalSection(NestedProjects) = preSolution
		{CE9FEFEB-57D0-4458-80B9-7C29C5A0BE99} = {02EA681E-C7D8-13C7-8484-4AC65E1B71E8}
	EndGlobalSection
	GlobalSection(ExtensibilityGlobals) = postSolution
		SolutionGuid = {8C62C514-27DB-494D-AE83-1BE2B0728087}
	EndGlobalSection
EndGlobal
