
Microsoft Visual Studio Solution File, Format Version 12.00
# Visual Studio Version 17
VisualStudioVersion = 17.14.36212.18
MinimumVisualStudioVersion = 10.0.40219.1
Project("{2150E333-8FDC-42A3-9474-1A3956D46DE8}") = "App", "App", "{02EA681E-C7D8-13C7-8484-4AC65E1B71E8}"
EndProject
Project("{FAE04EC0-301F-11D3-BF4B-00C04F79EFBC}") = "Presentation", "Presentation\Presentation.csproj", "{CE9FEFEB-57D0-4458-80B9-7C29C5A0BE99}"
EndProject
Project("{2150E333-8FDC-42A3-9474-1A3956D46DE8}") = "Service", "Service", "{6A1C34E2-1451-429B-8E8D-C51FFD824FEA}"
EndProject
Project("{2150E333-8FDC-42A3-9474-1A3956D46DE8}") = "Domain", "Domain", "{1F363B94-D2E6-4DAB-A408-F00485995504}"
EndProject
Project("{2150E333-8FDC-42A3-9474-1A3956D46DE8}") = "Infrastructure", "Infrastructure", "{5608457B-D607-4832-885A-5F3A9F1AA4C1}"
EndProject
Project("{FAE04EC0-301F-11D3-BF4B-00C04F79EFBC}") = "Domain", "Domain\Domain.csproj", "{423511DA-3FB9-4806-88B2-478DD84F5811}"
EndProject
Project("{FAE04EC0-301F-11D3-BF4B-00C04F79EFBC}") = "Service", "Service\Service.csproj", "{B9CB7006-EC71-40B6-B183-64075C32DEE4}"
EndProject
Project("{FAE04EC0-301F-11D3-BF4B-00C04F79EFBC}") = "Infrastructure.Identity", "Infrastructure.Identity\Infrastructure.Identity.csproj", "{68E7759D-38AA-4B22-82F7-738F32F2A48D}"
EndProject
Project("{FAE04EC0-301F-11D3-BF4B-00C04F79EFBC}") = "Infrastructure.Persistence", "Infrastructure.Persistence\Infrastructure.Persistence.csproj", "{1C106F26-C425-4F97-9392-3ACE37A82898}"
EndProject
Global
	GlobalSection(SolutionConfigurationPlatforms) = preSolution
		Debug|Any CPU = Debug|Any CPU
		Release|Any CPU = Release|Any CPU
	EndGlobalSection
	GlobalSection(ProjectConfigurationPlatforms) = postSolution
		{CE9FEFEB-57D0-4458-80B9-7C29C5A0BE99}.Debug|Any CPU.ActiveCfg = Debug|Any CPU
		{CE9FEFEB-57D0-4458-80B9-7C29C5A0BE99}.Debug|Any CPU.Build.0 = Debug|Any CPU
		{CE9FEFEB-57D0-4458-80B9-7C29C5A0BE99}.Release|Any CPU.ActiveCfg = Release|Any CPU
		{CE9FEFEB-57D0-4458-80B9-7C29C5A0BE99}.Release|Any CPU.Build.0 = Release|Any CPU
		{423511DA-3FB9-4806-88B2-478DD84F5811}.Debug|Any CPU.ActiveCfg = Debug|Any CPU
		{423511DA-3FB9-4806-88B2-478DD84F5811}.Debug|Any CPU.Build.0 = Debug|Any CPU
		{423511DA-3FB9-4806-88B2-478DD84F5811}.Release|Any CPU.ActiveCfg = Release|Any CPU
		{423511DA-3FB9-4806-88B2-478DD84F5811}.Release|Any CPU.Build.0 = Release|Any CPU
		{B9CB7006-EC71-40B6-B183-64075C32DEE4}.Debug|Any CPU.ActiveCfg = Debug|Any CPU
		{B9CB7006-EC71-40B6-B183-64075C32DEE4}.Debug|Any CPU.Build.0 = Debug|Any CPU
		{B9CB7006-EC71-40B6-B183-64075C32DEE4}.Release|Any CPU.ActiveCfg = Release|Any CPU
		{B9CB7006-EC71-40B6-B183-64075C32DEE4}.Release|Any CPU.Build.0 = Release|Any CPU
		{68E7759D-38AA-4B22-82F7-738F32F2A48D}.Debug|Any CPU.ActiveCfg = Debug|Any CPU
		{68E7759D-38AA-4B22-82F7-738F32F2A48D}.Debug|Any CPU.Build.0 = Debug|Any CPU
		{68E7759D-38AA-4B22-82F7-738F32F2A48D}.Release|Any CPU.ActiveCfg = Release|Any CPU
		{68E7759D-38AA-4B22-82F7-738F32F2A48D}.Release|Any CPU.Build.0 = Release|Any CPU
		{1C106F26-C425-4F97-9392-3ACE37A82898}.Debug|Any CPU.ActiveCfg = Debug|Any CPU
		{1C106F26-C425-4F97-9392-3ACE37A82898}.Debug|Any CPU.Build.0 = Debug|Any CPU
		{1C106F26-C425-4F97-9392-3ACE37A82898}.Release|Any CPU.ActiveCfg = Release|Any CPU
		{1C106F26-C425-4F97-9392-3ACE37A82898}.Release|Any CPU.Build.0 = Release|Any CPU
	EndGlobalSection
	GlobalSection(SolutionProperties) = preSolution
		HideSolutionNode = FALSE
	EndGlobalSection
	GlobalSection(NestedProjects) = preSolution
		{CE9FEFEB-57D0-4458-80B9-7C29C5A0BE99} = {02EA681E-C7D8-13C7-8484-4AC65E1B71E8}
		{6A1C34E2-1451-429B-8E8D-C51FFD824FEA} = {02EA681E-C7D8-13C7-8484-4AC65E1B71E8}
		{1F363B94-D2E6-4DAB-A408-F00485995504} = {02EA681E-C7D8-13C7-8484-4AC65E1B71E8}
		{5608457B-D607-4832-885A-5F3A9F1AA4C1} = {02EA681E-C7D8-13C7-8484-4AC65E1B71E8}
		{423511DA-3FB9-4806-88B2-478DD84F5811} = {1F363B94-D2E6-4DAB-A408-F00485995504}
		{B9CB7006-EC71-40B6-B183-64075C32DEE4} = {6A1C34E2-1451-429B-8E8D-C51FFD824FEA}
		{68E7759D-38AA-4B22-82F7-738F32F2A48D} = {5608457B-D607-4832-885A-5F3A9F1AA4C1}
		{1C106F26-C425-4F97-9392-3ACE37A82898} = {5608457B-D607-4832-885A-5F3A9F1AA4C1}
	EndGlobalSection
	GlobalSection(ExtensibilityGlobals) = postSolution
		SolutionGuid = {8C62C514-27DB-494D-AE83-1BE2B0728087}
	EndGlobalSection
EndGlobal
